
Microsoft Visual Studio Solution File, Format Version 12.00
# Visual Studio Version 16
VisualStudioVersion = 16.0.30320.27
MinimumVisualStudioVersion = 10.0.40219.1
Project("{9A19103F-16F7-4668-BE54-9A1E7A4F7556}") = "Helper", "Helper\Helper.csproj", "{0D9707D4-1EE7-4F09-AE93-6A01A3CBE229}"
EndProject
Project("{FAE04EC0-301F-11D3-BF4B-00C04F79EFBC}") = "Helper.App", "Helper.App\Helper.App.csproj", "{02A3D47B-FB3F-4754-9EC0-F6027EADC3D7}"
EndProject
Project("{FAE04EC0-301F-11D3-BF4B-00C04F79EFBC}") = "Helper.Domain", "Helper.Domain\Helper.Domain.csproj", "{3320B2B3-C1AD-41BA-B035-7FCC778871FC}"
EndProject
Global
	GlobalSection(SolutionConfigurationPlatforms) = preSolution
		Debug|Any CPU = Debug|Any CPU
		Release|Any CPU = Release|Any CPU
	EndGlobalSection
	GlobalSection(ProjectConfigurationPlatforms) = postSolution
		{0D9707D4-1EE7-4F09-AE93-6A01A3CBE229}.Debug|Any CPU.ActiveCfg = Debug|Any CPU
		{0D9707D4-1EE7-4F09-AE93-6A01A3CBE229}.Debug|Any CPU.Build.0 = Debug|Any CPU
		{0D9707D4-1EE7-4F09-AE93-6A01A3CBE229}.Release|Any CPU.ActiveCfg = Release|Any CPU
		{0D9707D4-1EE7-4F09-AE93-6A01A3CBE229}.Release|Any CPU.Build.0 = Release|Any CPU
		{02A3D47B-FB3F-4754-9EC0-F6027EADC3D7}.Debug|Any CPU.ActiveCfg = Debug|Any CPU
		{02A3D47B-FB3F-4754-9EC0-F6027EADC3D7}.Debug|Any CPU.Build.0 = Debug|Any CPU
		{02A3D47B-FB3F-4754-9EC0-F6027EADC3D7}.Release|Any CPU.ActiveCfg = Release|Any CPU
		{02A3D47B-FB3F-4754-9EC0-F6027EADC3D7}.Release|Any CPU.Build.0 = Release|Any CPU
		{3320B2B3-C1AD-41BA-B035-7FCC778871FC}.Debug|Any CPU.ActiveCfg = Debug|Any CPU
		{3320B2B3-C1AD-41BA-B035-7FCC778871FC}.Debug|Any CPU.Build.0 = Debug|Any CPU
		{3320B2B3-C1AD-41BA-B035-7FCC778871FC}.Release|Any CPU.ActiveCfg = Release|Any CPU
		{3320B2B3-C1AD-41BA-B035-7FCC778871FC}.Release|Any CPU.Build.0 = Release|Any CPU
	EndGlobalSection
	GlobalSection(SolutionProperties) = preSolution
		HideSolutionNode = FALSE
	EndGlobalSection
	GlobalSection(ExtensibilityGlobals) = postSolution
		SolutionGuid = {0C3820CA-35EC-41E8-BC7E-CE44F155114D}
	EndGlobalSection
EndGlobal
